github.com/guptarohit/asciigraph v0.5.5 h1:ccFnUF8xYIOUPPY3tmdvRyHqmn1MYI9iv1pLKX+/ZkQ=
github.com/guptarohit/asciigraph v0.5.5/go.mod h1:dYl5wwK4gNsnFf9Zp+l06rFiDZ5YtXM6x7SRWZ3KGag=
github.com/tuckersGo/musthaveGo/ch16/expkg v0.0.0-20230126175348-6f7945b85bda h1:F21GWOayUeFkA47sc6oB2zb6ly9emQUx2A1wHTETta0=
github.com/tuckersGo/musthaveGo/ch16/expkg v0.0.0-20230126175348-6f7945b85bda/go.mod h1:o12FpIqEJes/Y7CWE9BJemI9VUTQBsH7t3wYlDCw3Fw=
